// !$*UTF8*$!
{
	archiveVersion = 1;
	classes = {
	};
	objectVersion = 50;
	objects = {

/* Begin PBXBuildFile section */
		890B795424FE1AE40000BA14 /* AppDelegate.swift in Sources */ = {isa = PBXBuildFile; fileRef = 890B795324FE1AE40000BA14 /* AppDelegate.swift */; };
		890B795624FE1AE40000BA14 /* SceneDelegate.swift in Sources */ = {isa = PBXBuildFile; fileRef = 890B795524FE1AE40000BA14 /* SceneDelegate.swift */; };
		890B795824FE1AE40000BA14 /* ViewController.swift in Sources */ = {isa = PBXBuildFile; fileRef = 890B795724FE1AE40000BA14 /* ViewController.swift */; };
		890B795B24FE1AE40000BA14 /* Main.storyboard in Resources */ = {isa = PBXBuildFile; fileRef = 890B795924FE1AE40000BA14 /* Main.storyboard */; };
		890B795D24FE1AE80000BA14 /* Assets.xcassets in Resources */ = {isa = PBXBuildFile; fileRef = 890B795C24FE1AE80000BA14 /* Assets.xcassets */; };
		890B796024FE1AE80000BA14 /* LaunchScreen.storyboard in Resources */ = {isa = PBXBuildFile; fileRef = 890B795E24FE1AE80000BA14 /* LaunchScreen.storyboard */; };
		890B796824FE24F10000BA14 /* CustomCollectionViewCell.swift in Sources */ = {isa = PBXBuildFile; fileRef = 890B796724FE24F10000BA14 /* CustomCollectionViewCell.swift */; };
/* End PBXBuildFile section */

/* Begin PBXFileReference section */
		890B795024FE1AE40000BA14 /* collectionViewTest.app */ = {isa = PBXFileReference; explicitFileType = wrapper.application; includeInIndex = 0; path = collectionViewTest.app; sourceTree = BUILT_PRODUCTS_DIR; };
		890B795324FE1AE40000BA14 /* AppDelegate.swift */ = {isa = PBXFileReference; lastKnownFileType = sourcecode.swift; path = AppDelegate.swift; sourceTree = "<group>"; };
		890B795524FE1AE40000BA14 /* SceneDelegate.swift */ = {isa = PBXFileReference; lastKnownFileType = sourcecode.swift; path = SceneDelegate.swift; sourceTree = "<group>"; };
		890B795724FE1AE40000BA14 /* ViewController.swift */ = {isa = PBXFileReference; lastKnownFileType = sourcecode.swift; path = ViewController.swift; sourceTree = "<group>"; };
		890B795A24FE1AE40000BA14 /* Base */ = {isa = PBXFileReference; lastKnownFileType = file.storyboard; name = Base; path = Base.lproj/Main.storyboard; sourceTree = "<group>"; };
		890B795C24FE1AE80000BA14 /* Assets.xcassets */ = {isa = PBXFileReference; lastKnownFileType = folder.assetcatalog; path = Assets.xcassets; sourceTree = "<group>"; };
		890B795F24FE1AE80000BA14 /* Base */ = {isa = PBXFileReference; lastKnownFileType = file.storyboard; name = Base; path = Base.lproj/LaunchScreen.storyboard; sourceTree = "<group>"; };
		890B796124FE1AE80000BA14 /* Info.plist */ = {isa = PBXFileReference; lastKnownFileType = text.plist.xml; path = Info.plist; sourceTree = "<group>"; };
		890B796724FE24F10000BA14 /* CustomCollectionViewCell.swift */ = {isa = PBXFileReference; lastKnownFileType = sourcecode.swift; path = CustomCollectionViewCell.swift; sourceTree = "<group>"; };
/* End PBXFileReference section */

/* Begin PBXFrameworksBuildPhase section */
		890B794D24FE1AE40000BA14 /* Frameworks */ = {
			isa = PBXFrameworksBuildPhase;
			buildActionMask = 2147483647;
			files = (
			);
			runOnlyForDeploymentPostprocessing = 0;
		};
/* End PBXFrameworksBuildPhase section */

/* Begin PBXGroup section */
		890B794724FE1AE40000BA14 = {
			isa = PBXGroup;
			children = (
				890B795224FE1AE40000BA14 /* collectionViewTest */,
				890B795124FE1AE40000BA14 /* Products */,
			);
			sourceTree = "<group>";
		};
		890B795124FE1AE40000BA14 /* Products */ = {
			isa = PBXGroup;
			children = (
				890B795024FE1AE40000BA14 /* collectionViewTest.app */,
			);
			name = Products;
			sourceTree = "<group>";
		};
		890B795224FE1AE40000BA14 /* collectionViewTest */ = {
			isa = PBXGroup;
			children = (
				890B795324FE1AE40000BA14 /* AppDelegate.swift */,
				890B795524FE1AE40000BA14 /* SceneDelegate.swift */,
				890B795724FE1AE40000BA14 /* ViewController.swift */,
				890B795924FE1AE40000BA14 /* Main.storyboard */,
				890B795C24FE1AE80000BA14 /* Assets.xcassets */,
				890B795E24FE1AE80000BA14 /* LaunchScreen.storyboard */,
				890B796124FE1AE80000BA14 /* Info.plist */,
				890B796724FE24F10000BA14 /* CustomCollectionViewCell.swift */,
			);
			path = collectionViewTest;
			sourceTree = "<group>";
		};
/* End PBXGroup section */

/* Begin PBXNativeTarget section */
		890B794F24FE1AE40000BA14 /* collectionViewTest */ = {
			isa = PBXNativeTarget;
			buildConfigurationList = 890B796424FE1AE80000BA14 /* Build configuration list for PBXNativeTarget "collectionViewTest" */;
			buildPhases = (
				890B794C24FE1AE40000BA14 /* Sources */,
				890B794D24FE1AE40000BA14 /* Frameworks */,
				890B794E24FE1AE40000BA14 /* Resources */,
			);
			buildRules = (
			);
			dependencies = (
			);
			name = collectionViewTest;
			productName = collectionViewTest;
			productReference = 890B795024FE1AE40000BA14 /* collectionViewTest.app */;
			productType = "com.apple.product-type.application";
		};
/* End PBXNativeTarget section */

/* Begin PBXProject section */
		890B794824FE1AE40000BA14 /* Project object */ = {
			isa = PBXProject;
			attributes = {
				LastSwiftUpdateCheck = 1160;
				LastUpgradeCheck = 1160;
				ORGANIZATIONNAME = "Appnap WS09";
				TargetAttributes = {
					890B794F24FE1AE40000BA14 = {
						CreatedOnToolsVersion = 11.6;
					};
				};
			};
			buildConfigurationList = 890B794B24FE1AE40000BA14 /* Build configuration list for PBXProject "collectionViewTest" */;
			compatibilityVersion = "Xcode 9.3";
			developmentRegion = en;
			hasScannedForEncodings = 0;
			knownRegions = (
				en,
				Base,
			);
			mainGroup = 890B794724FE1AE40000BA14;
			productRefGroup = 890B795124FE1AE40000BA14 /* Products */;
			projectDirPath = "";
			projectRoot = "";
			targets = (
				890B794F24FE1AE40000BA14 /* collectionViewTest */,
			);
		};
/* End PBXProject section */

/* Begin PBXResourcesBuildPhase section */
		890B794E24FE1AE40000BA14 /* Resources */ = {
			isa = PBXResourcesBuildPhase;
			buildActionMask = 2147483647;
			files = (
				890B796024FE1AE80000BA14 /* LaunchScreen.storyboard in Resources */,
				890B795D24FE1AE80000BA14 /* Assets.xcassets in Resources */,
				890B795B24FE1AE40000BA14 /* Main.storyboard in Resources */,
			);
			runOnlyForDeploymentPostprocessing = 0;
		};
/* End PBXResourcesBuildPhase section */

/* Begin PBXSourcesBuildPhase section */
		890B794C24FE1AE40000BA14 /* Sources */ = {
			isa = PBXSourcesBuildPhase;
			buildActionMask = 2147483647;
			files = (
				890B795824FE1AE40000BA14 /* ViewController.swift in Sources */,
				890B795424FE1AE40000BA14 /* AppDelegate.swift in Sources */,
				890B795624FE1AE40000BA14 /* SceneDelegate.swift in Sources */,
				890B796824FE24F10000BA14 /* CustomCollectionViewCell.swift in Sources */,
			);
			runOnlyForDeploymentPostprocessing = 0;
		};
/* End PBXSourcesBuildPhase section */

/* Begin PBXVariantGroup section */
		890B795924FE1AE40000BA14 /* Main.storyboard */ = {
			isa = PBXVariantGroup;
			children = (
				890B795A24FE1AE40000BA14 /* Base */,
			);
			name = Main.storyboard;
			sourceTree = "<group>";
		};
		890B795E24FE1AE80000BA14 /* LaunchScreen.storyboard */ = {
			isa = PBXVariantGroup;
			children = (
				890B795F24FE1AE80000BA14 /* Base */,
			);
			name = LaunchScreen.storyboard;
			sourceTree = "<group>";
		};
/* End PBXVariantGroup section */

/* Begin XCBuildConfiguration section */
		890B796224FE1AE80000BA14 /* Debug */ = {
			isa = XCBuildConfiguration;
			buildSettings = {
				ALWAYS_SEARCH_USER_PATHS = NO;
				CLANG_ANALYZER_NONNULL = YES;
				CLANG_ANALYZER_NUMBER_OBJECT_CONVERSION = YES_AGGRESSIVE;
				CLANG_CXX_LANGUAGE_STANDARD = "gnu++14";
				CLANG_CXX_LIBRARY = "libc++";
				CLANG_ENABLE_MODULES = YES;
				CLANG_ENABLE_OBJC_ARC = YES;
				CLANG_ENABLE_OBJC_WEAK = YES;
				CLANG_WARN_BLOCK_CAPTURE_AUTORELEASING = YES;
				CLANG_WARN_BOOL_CONVERSION = YES;
				CLANG_WARN_COMMA = YES;
				CLANG_WARN_CONSTANT_CONVERSION = YES;
				CLANG_WARN_DEPRECATED_OBJC_IMPLEMENTATIONS = YES;
				CLANG_WARN_DIRECT_OBJC_ISA_USAGE = YES_ERROR;
				CLANG_WARN_DOCUMENTATION_COMMENTS = YES;
				CLANG_WARN_EMPTY_BODY = YES;
				CLANG_WARN_ENUM_CONVERSION = YES;
				CLANG_WARN_INFINITE_RECURSION = YES;
				CLANG_WARN_INT_CONVERSION = YES;
				CLANG_WARN_NON_LITERAL_NULL_CONVERSION = YES;
				CLANG_WARN_OBJC_IMPLICIT_RETAIN_SELF = YES;
				CLANG_WARN_OBJC_LITERAL_CONVERSION = YES;
				CLANG_WARN_OBJC_ROOT_CLASS = YES_ERROR;
				CLANG_WARN_RANGE_LOOP_ANALYSIS = YES;
				CLANG_WARN_STRICT_PROTOTYPES = YES;
				CLANG_WARN_SUSPICIOUS_MOVE = YES;
				CLANG_WARN_UNGUARDED_AVAILABILITY = YES_AGGRESSIVE;
				CLANG_WARN_UNREACHABLE_CODE = YES;
				CLANG_WARN__DUPLICATE_METHOD_MATCH = YES;
				COPY_PHASE_STRIP = NO;
				DEBUG_INFORMATION_FORMAT = dwarf;
				ENABLE_STRICT_OBJC_MSGSEND = YES;
				ENABLE_TESTABILITY = YES;
				GCC_C_LANGUAGE_STANDARD = gnu11;
				GCC_DYNAMIC_NO_PIC = NO;
				GCC_NO_COMMON_BLOCKS = YES;
				GCC_OPTIMIZATION_LEVEL = 0;
				GCC_PREPROCESSOR_DEFINITIONS = (
					"DEBUG=1",
					"$(inherited)",
				);
				GCC_WARN_64_TO_32_BIT_CONVERSION = YES;
				GCC_WARN_ABOUT_RETURN_TYPE = YES_ERROR;
				GCC_WARN_UNDECLARED_SELECTOR = YES;
				GCC_WARN_UNINITIALIZED_AUTOS = YES_AGGRESSIVE;
				GCC_WARN_UNUSED_FUNCTION = YES;
				GCC_WARN_UNUSED_VARIABLE = YES;
				IPHONEOS_DEPLOYMENT_TARGET = 13.6;
				MTL_ENABLE_DEBUG_INFO = INCLUDE_SOURCE;
				MTL_FAST_MATH = YES;
				ONLY_ACTIVE_ARCH = YES;
				SDKROOT = iphoneos;
				SWIFT_ACTIVE_COMPILATION_CONDITIONS = DEBUG;
				SWIFT_OPTIMIZATION_LEVEL = "-Onone";
			};
			name = Debug;
		};
		890B796324FE1AE80000BA14 /* Release */ = {
			isa = XCBuildConfiguration;
			buildSettings = {
				ALWAYS_SEARCH_USER_PATHS = NO;
				CLANG_ANALYZER_NONNULL = YES;
				CLANG_ANALYZER_NUMBER_OBJECT_CONVERSION = YES_AGGRESSIVE;
				CLANG_CXX_LANGUAGE_STANDARD = "gnu++14";
				CLANG_CXX_LIBRARY = "libc++";
				CLANG_ENABLE_MODULES = YES;
				CLANG_ENABLE_OBJC_ARC = YES;
				CLANG_ENABLE_OBJC_WEAK = YES;
				CLANG_WARN_BLOCK_CAPTURE_AUTORELEASING = YES;
				CLANG_WARN_BOOL_CONVERSION = YES;
				CLANG_WARN_COMMA = YES;
				CLANG_WARN_CONSTANT_CONVERSION = YES;
				CLANG_WARN_DEPRECATED_OBJC_IMPLEMENTATIONS = YES;
				CLANG_WARN_DIRECT_OBJC_ISA_USAGE = YES_ERROR;
				CLANG_WARN_DOCUMENTATION_COMMENTS = YES;
				CLANG_WARN_EMPTY_BODY = YES;
				CLANG_WARN_ENUM_CONVERSION = YES;
				CLANG_WARN_INFINITE_RECURSION = YES;
				CLANG_WARN_INT_CONVERSION = YES;
				CLANG_WARN_NON_LITERAL_NULL_CONVERSION = YES;
				CLANG_WARN_OBJC_IMPLICIT_RETAIN_SELF = YES;
				CLANG_WARN_OBJC_LITERAL_CONVERSION = YES;
				CLANG_WARN_OBJC_ROOT_CLASS = YES_ERROR;
				CLANG_WARN_RANGE_LOOP_ANALYSIS = YES;
				CLANG_WARN_STRICT_PROTOTYPES = YES;
				CLANG_WARN_SUSPICIOUS_MOVE = YES;
				CLANG_WARN_UNGUARDED_AVAILABILITY = YES_AGGRESSIVE;
				CLANG_WARN_UNREACHABLE_CODE = YES;
				CLANG_WARN__DUPLICATE_METHOD_MATCH = YES;
				COPY_PHASE_STRIP = NO;
				DEBUG_INFORMATION_FORMAT = "dwarf-with-dsym";
				ENABLE_NS_ASSERTIONS = NO;
				ENABLE_STRICT_OBJC_MSGSEND = YES;
				GCC_C_LANGUAGE_STANDARD = gnu11;
				GCC_NO_COMMON_BLOCKS = YES;
				GCC_WARN_64_TO_32_BIT_CONVERSION = YES;
				GCC_WARN_ABOUT_RETURN_TYPE = YES_ERROR;
				GCC_WARN_UNDECLARED_SELECTOR = YES;
				GCC_WARN_UNINITIALIZED_AUTOS = YES_AGGRESSIVE;
				GCC_WARN_UNUSED_FUNCTION = YES;
				GCC_WARN_UNUSED_VARIABLE = YES;
				IPHONEOS_DEPLOYMENT_TARGET = 13.6;
				MTL_ENABLE_DEBUG_INFO = NO;
				MTL_FAST_MATH = YES;
				SDKROOT = iphoneos;
				SWIFT_COMPILATION_MODE = wholemodule;
				SWIFT_OPTIMIZATION_LEVEL = "-O";
				VALIDATE_PRODUCT = YES;
			};
			name = Release;
		};
		890B796524FE1AE80000BA14 /* Debug */ = {
			isa = XCBuildConfiguration;
			buildSettings = {
				ASSETCATALOG_COMPILER_APPICON_NAME = AppIcon;
				CODE_SIGN_STYLE = Automatic;
				INFOPLIST_FILE = collectionViewTest/Info.plist;
				LD_RUNPATH_SEARCH_PATHS = (
					"$(inherited)",
					"@executable_path/Frameworks",
				);
				PRODUCT_BUNDLE_IDENTIFIER = www.appnap.io.collectionViewTest;
				PRODUCT_NAME = "$(TARGET_NAME)";
				SWIFT_VERSION = 5.0;
				TARGETED_DEVICE_FAMILY = "1,2";
			};
			name = Debug;
		};
		890B796624FE1AE80000BA14 /* Release */ = {
			isa = XCBuildConfiguration;
			buildSettings = {
				ASSETCATALOG_COMPILER_APPICON_NAME = AppIcon;
				CODE_SIGN_STYLE = Automatic;
				INFOPLIST_FILE = collectionViewTest/Info.plist;
				LD_RUNPATH_SEARCH_PATHS = (
					"$(inherited)",
					"@executable_path/Frameworks",
				);
				PRODUCT_BUNDLE_IDENTIFIER = www.appnap.io.collectionViewTest;
				PRODUCT_NAME = "$(TARGET_NAME)";
				SWIFT_VERSION = 5.0;
				TARGETED_DEVICE_FAMILY = "1,2";
			};
			name = Release;
		};
/* End XCBuildConfiguration section */

/* Begin XCConfigurationList section */
		890B794B24FE1AE40000BA14 /* Build configuration list for PBXProject "collectionViewTest" */ = {
			isa = XCConfigurationList;
			buildConfigurations = (
				890B796224FE1AE80000BA14 /* Debug */,
				890B796324FE1AE80000BA14 /* Release */,
			);
			defaultConfigurationIsVisible = 0;
			defaultConfigurationName = Release;
		};
		890B796424FE1AE80000BA14 /* Build configuration list for PBXNativeTarget "collectionViewTest" */ = {
			isa = XCConfigurationList;
			buildConfigurations = (
				890B796524FE1AE80000BA14 /* Debug */,
				890B796624FE1AE80000BA14 /* Release */,
			);
			defaultConfigurationIsVisible = 0;
			defaultConfigurationName = Release;
		};
/* End XCConfigurationList section */
	};
	rootObject = 890B794824FE1AE40000BA14 /* Project object */;
}
